
Microsoft Visual Studio Solution File, Format Version 12.00
# Visual Studio 2013
VisualStudioVersion = 12.0.40629.0
MinimumVisualStudioVersion = 10.0.40219.1
Project("{FAE04EC0-301F-11D3-BF4B-00C04F79EFBC}") = "AdministrationApp_SPP", "AdministrationApp_SPP\AdministrationApp_SPP.csproj", "{90175280-436B-4000-A53B-DB06E19119E3}"
EndProject
Project("{FAE04EC0-301F-11D3-BF4B-00C04F79EFBC}") = "AdministrationApp_SPP.Tests", "AdministrationApp_SPP.Tests\AdministrationApp_SPP.Tests.csproj", "{A4DA937A-0EB9-4E46-B2BC-E5FE41CADA11}"
EndProject
Global
	GlobalSection(SolutionConfigurationPlatforms) = preSolution
		Debug|Any CPU = Debug|Any CPU
		Release|Any CPU = Release|Any CPU
	EndGlobalSection
	GlobalSection(ProjectConfigurationPlatforms) = postSolution
		{90175280-436B-4000-A53B-DB06E19119E3}.Debug|Any CPU.ActiveCfg = Debug|Any CPU
		{90175280-436B-4000-A53B-DB06E19119E3}.Debug|Any CPU.Build.0 = Debug|Any CPU
		{90175280-436B-4000-A53B-DB06E19119E3}.Release|Any CPU.ActiveCfg = Release|Any CPU
		{90175280-436B-4000-A53B-DB06E19119E3}.Release|Any CPU.Build.0 = Release|Any CPU
		{A4DA937A-0EB9-4E46-B2BC-E5FE41CADA11}.Debug|Any CPU.ActiveCfg = Debug|Any CPU
		{A4DA937A-0EB9-4E46-B2BC-E5FE41CADA11}.Debug|Any CPU.Build.0 = Debug|Any CPU
		{A4DA937A-0EB9-4E46-B2BC-E5FE41CADA11}.Release|Any CPU.ActiveCfg = Release|Any CPU
		{A4DA937A-0EB9-4E46-B2BC-E5FE41CADA11}.Release|Any CPU.Build.0 = Release|Any CPU
	EndGlobalSection
	GlobalSection(SolutionProperties) = preSolution
		HideSolutionNode = FALSE
	EndGlobalSection
EndGlobal
